// !$*UTF8*$!
{
	archiveVersion = 1;
	classes = {
	};
	objectVersion = 55;
	objects = {

/* Begin PBXBuildFile section */
		DE4C2CD32771F859006EB993 /* AppDelegate.swift in Sources */ = {isa = PBXBuildFile; fileRef = DE4C2CD22771F859006EB993 /* AppDelegate.swift */; };
		DE4C2CD52771F859006EB993 /* SceneDelegate.swift in Sources */ = {isa = PBXBuildFile; fileRef = DE4C2CD42771F859006EB993 /* SceneDelegate.swift */; };
		DE4C2CDC2771F85C006EB993 /* Assets.xcassets in Resources */ = {isa = PBXBuildFile; fileRef = DE4C2CDB2771F85C006EB993 /* Assets.xcassets */; };
		DE4C2CDF2771F85C006EB993 /* LaunchScreen.storyboard in Resources */ = {isa = PBXBuildFile; fileRef = DE4C2CDD2771F85C006EB993 /* LaunchScreen.storyboard */; };
		DE4C2D1327725A18006EB993 /* MessageKit in Frameworks */ = {isa = PBXBuildFile; productRef = DE4C2D1227725A18006EB993 /* MessageKit */; };
		DE4C2D1927725B17006EB993 /* UIView+Extensions.swift in Sources */ = {isa = PBXBuildFile; fileRef = DE4C2D1827725B17006EB993 /* UIView+Extensions.swift */; };
		DE4C2D1C27725C2F006EB993 /* MockMessage.swift in Sources */ = {isa = PBXBuildFile; fileRef = DE4C2D1B27725C2F006EB993 /* MockMessage.swift */; };
		DE4C2D1E27725C57006EB993 /* MockUser.swift in Sources */ = {isa = PBXBuildFile; fileRef = DE4C2D1D27725C57006EB993 /* MockUser.swift */; };
		DE4C2D2E27726AD3006EB993 /* ChatViewController.swift in Sources */ = {isa = PBXBuildFile; fileRef = DE4C2D2B27726AD2006EB993 /* ChatViewController.swift */; };
		DE4C2D2F27726AD3006EB993 /* MessageViewController.swift in Sources */ = {isa = PBXBuildFile; fileRef = DE4C2D2C27726AD2006EB993 /* MessageViewController.swift */; };
		DE4C2D3427726AF1006EB993 /* Lorem.swift in Sources */ = {isa = PBXBuildFile; fileRef = DE4C2D3227726AF1006EB993 /* Lorem.swift */; };
		DE4C2D3527726AF1006EB993 /* SampleData.swift in Sources */ = {isa = PBXBuildFile; fileRef = DE4C2D3327726AF1006EB993 /* SampleData.swift */; };
		DE4C2D3727726AFF006EB993 /* MockSocket.swift in Sources */ = {isa = PBXBuildFile; fileRef = DE4C2D3627726AFF006EB993 /* MockSocket.swift */; };
		DE4C2D3927726B14006EB993 /* UserDefaults+Extensions.swift in Sources */ = {isa = PBXBuildFile; fileRef = DE4C2D3827726B14006EB993 /* UserDefaults+Extensions.swift */; };
/* End PBXBuildFile section */

/* Begin PBXFileReference section */
		DE4C2CCF2771F859006EB993 /* MessageSender.app */ = {isa = PBXFileReference; explicitFileType = wrapper.application; includeInIndex = 0; path = MessageSender.app; sourceTree = BUILT_PRODUCTS_DIR; };
		DE4C2CD22771F859006EB993 /* AppDelegate.swift */ = {isa = PBXFileReference; lastKnownFileType = sourcecode.swift; path = AppDelegate.swift; sourceTree = "<group>"; };
		DE4C2CD42771F859006EB993 /* SceneDelegate.swift */ = {isa = PBXFileReference; lastKnownFileType = sourcecode.swift; path = SceneDelegate.swift; sourceTree = "<group>"; };
		DE4C2CDB2771F85C006EB993 /* Assets.xcassets */ = {isa = PBXFileReference; lastKnownFileType = folder.assetcatalog; path = Assets.xcassets; sourceTree = "<group>"; };
		DE4C2CDE2771F85C006EB993 /* Base */ = {isa = PBXFileReference; lastKnownFileType = file.storyboard; name = Base; path = Base.lproj/LaunchScreen.storyboard; sourceTree = "<group>"; };
		DE4C2CE02771F85C006EB993 /* Info.plist */ = {isa = PBXFileReference; lastKnownFileType = text.plist.xml; path = Info.plist; sourceTree = "<group>"; };
		DE4C2D1827725B17006EB993 /* UIView+Extensions.swift */ = {isa = PBXFileReference; lastKnownFileType = sourcecode.swift; path = "UIView+Extensions.swift"; sourceTree = "<group>"; };
		DE4C2D1B27725C2F006EB993 /* MockMessage.swift */ = {isa = PBXFileReference; lastKnownFileType = sourcecode.swift; path = MockMessage.swift; sourceTree = "<group>"; };
		DE4C2D1D27725C57006EB993 /* MockUser.swift */ = {isa = PBXFileReference; lastKnownFileType = sourcecode.swift; path = MockUser.swift; sourceTree = "<group>"; };
		DE4C2D2B27726AD2006EB993 /* ChatViewController.swift */ = {isa = PBXFileReference; fileEncoding = 4; lastKnownFileType = sourcecode.swift; path = ChatViewController.swift; sourceTree = "<group>"; };
		DE4C2D2C27726AD2006EB993 /* MessageViewController.swift */ = {isa = PBXFileReference; fileEncoding = 4; lastKnownFileType = sourcecode.swift; path = MessageViewController.swift; sourceTree = "<group>"; };
		DE4C2D3227726AF1006EB993 /* Lorem.swift */ = {isa = PBXFileReference; fileEncoding = 4; lastKnownFileType = sourcecode.swift; path = Lorem.swift; sourceTree = "<group>"; };
		DE4C2D3327726AF1006EB993 /* SampleData.swift */ = {isa = PBXFileReference; fileEncoding = 4; lastKnownFileType = sourcecode.swift; path = SampleData.swift; sourceTree = "<group>"; };
		DE4C2D3627726AFF006EB993 /* MockSocket.swift */ = {isa = PBXFileReference; fileEncoding = 4; lastKnownFileType = sourcecode.swift; path = MockSocket.swift; sourceTree = "<group>"; };
		DE4C2D3827726B14006EB993 /* UserDefaults+Extensions.swift */ = {isa = PBXFileReference; fileEncoding = 4; lastKnownFileType = sourcecode.swift; path = "UserDefaults+Extensions.swift"; sourceTree = "<group>"; };
/* End PBXFileReference section */

/* Begin PBXFrameworksBuildPhase section */
		DE4C2CCC2771F859006EB993 /* Frameworks */ = {
			isa = PBXFrameworksBuildPhase;
			buildActionMask = 2147483647;
			files = (
				DE4C2D1327725A18006EB993 /* MessageKit in Frameworks */,
			);
			runOnlyForDeploymentPostprocessing = 0;
		};
/* End PBXFrameworksBuildPhase section */

/* Begin PBXGroup section */
		DE4C2CC62771F859006EB993 = {
			isa = PBXGroup;
			children = (
				DE4C2CD12771F859006EB993 /* MessageSender */,
				DE4C2CD02771F859006EB993 /* Products */,
			);
			sourceTree = "<group>";
		};
		DE4C2CD02771F859006EB993 /* Products */ = {
			isa = PBXGroup;
			children = (
				DE4C2CCF2771F859006EB993 /* MessageSender.app */,
			);
			name = Products;
			sourceTree = "<group>";
		};
		DE4C2CD12771F859006EB993 /* MessageSender */ = {
			isa = PBXGroup;
			children = (
				DE4C2CD22771F859006EB993 /* AppDelegate.swift */,
				DE4C2CD42771F859006EB993 /* SceneDelegate.swift */,
				DE4C2D3127726AF1006EB993 /* Data Generation */,
				DE4C2D1A27725B41006EB993 /* Models */,
				DE4C2D2A27726AD2006EB993 /* ViewControllers */,
				DE4C2D1727725B00006EB993 /* Extensions */,
				DE4C2CDB2771F85C006EB993 /* Assets.xcassets */,
				DE4C2CDD2771F85C006EB993 /* LaunchScreen.storyboard */,
				DE4C2CE02771F85C006EB993 /* Info.plist */,
			);
			path = MessageSender;
			sourceTree = "<group>";
		};
		DE4C2D1727725B00006EB993 /* Extensions */ = {
			isa = PBXGroup;
			children = (
				DE4C2D1827725B17006EB993 /* UIView+Extensions.swift */,
				DE4C2D3827726B14006EB993 /* UserDefaults+Extensions.swift */,
			);
			path = Extensions;
			sourceTree = "<group>";
		};
		DE4C2D1A27725B41006EB993 /* Models */ = {
			isa = PBXGroup;
			children = (
				DE4C2D1B27725C2F006EB993 /* MockMessage.swift */,
				DE4C2D1D27725C57006EB993 /* MockUser.swift */,
				DE4C2D3627726AFF006EB993 /* MockSocket.swift */,
			);
			path = Models;
			sourceTree = "<group>";
		};
		DE4C2D2A27726AD2006EB993 /* ViewControllers */ = {
			isa = PBXGroup;
			children = (
				DE4C2D2B27726AD2006EB993 /* ChatViewController.swift */,
				DE4C2D2C27726AD2006EB993 /* MessageViewController.swift */,
			);
			path = ViewControllers;
			sourceTree = "<group>";
		};
		DE4C2D3127726AF1006EB993 /* Data Generation */ = {
			isa = PBXGroup;
			children = (
				DE4C2D3227726AF1006EB993 /* Lorem.swift */,
				DE4C2D3327726AF1006EB993 /* SampleData.swift */,
			);
			path = "Data Generation";
			sourceTree = "<group>";
		};
/* End PBXGroup section */

/* Begin PBXNativeTarget section */
		DE4C2CCE2771F859006EB993 /* MessageSender */ = {
			isa = PBXNativeTarget;
			buildConfigurationList = DE4C2CE32771F85C006EB993 /* Build configuration list for PBXNativeTarget "MessageSender" */;
			buildPhases = (
				DE4C2CCB2771F859006EB993 /* Sources */,
				DE4C2CCC2771F859006EB993 /* Frameworks */,
				DE4C2CCD2771F859006EB993 /* Resources */,
			);
			buildRules = (
			);
			dependencies = (
			);
			name = MessageSender;
			packageProductDependencies = (
				DE4C2D1227725A18006EB993 /* MessageKit */,
			);
			productName = MessageSender;
			productReference = DE4C2CCF2771F859006EB993 /* MessageSender.app */;
			productType = "com.apple.product-type.application";
		};
/* End PBXNativeTarget section */

/* Begin PBXProject section */
		DE4C2CC72771F859006EB993 /* Project object */ = {
			isa = PBXProject;
			attributes = {
				BuildIndependentTargetsInParallel = 1;
				LastSwiftUpdateCheck = 1310;
				LastUpgradeCheck = 1310;
				TargetAttributes = {
					DE4C2CCE2771F859006EB993 = {
						CreatedOnToolsVersion = 13.1;
					};
				};
			};
			buildConfigurationList = DE4C2CCA2771F859006EB993 /* Build configuration list for PBXProject "MessageSender" */;
			compatibilityVersion = "Xcode 13.0";
			developmentRegion = en;
			hasScannedForEncodings = 0;
			knownRegions = (
				en,
				Base,
			);
			mainGroup = DE4C2CC62771F859006EB993;
			packageReferences = (
				DE4C2D1127725A18006EB993 /* XCRemoteSwiftPackageReference "MessageKit" */,
			);
			productRefGroup = DE4C2CD02771F859006EB993 /* Products */;
			projectDirPath = "";
			projectRoot = "";
			targets = (
				DE4C2CCE2771F859006EB993 /* MessageSender */,
			);
		};
/* End PBXProject section */

/* Begin PBXResourcesBuildPhase section */
		DE4C2CCD2771F859006EB993 /* Resources */ = {
			isa = PBXResourcesBuildPhase;
			buildActionMask = 2147483647;
			files = (
				DE4C2CDF2771F85C006EB993 /* LaunchScreen.storyboard in Resources */,
				DE4C2CDC2771F85C006EB993 /* Assets.xcassets in Resources */,
			);
			runOnlyForDeploymentPostprocessing = 0;
		};
/* End PBXResourcesBuildPhase section */

/* Begin PBXSourcesBuildPhase section */
		DE4C2CCB2771F859006EB993 /* Sources */ = {
			isa = PBXSourcesBuildPhase;
			buildActionMask = 2147483647;
			files = (
				DE4C2D1C27725C2F006EB993 /* MockMessage.swift in Sources */,
				DE4C2D1927725B17006EB993 /* UIView+Extensions.swift in Sources */,
				DE4C2D3727726AFF006EB993 /* MockSocket.swift in Sources */,
				DE4C2D1E27725C57006EB993 /* MockUser.swift in Sources */,
				DE4C2D3527726AF1006EB993 /* SampleData.swift in Sources */,
				DE4C2D2F27726AD3006EB993 /* MessageViewController.swift in Sources */,
				DE4C2CD32771F859006EB993 /* AppDelegate.swift in Sources */,
				DE4C2D2E27726AD3006EB993 /* ChatViewController.swift in Sources */,
				DE4C2D3427726AF1006EB993 /* Lorem.swift in Sources */,
				DE4C2D3927726B14006EB993 /* UserDefaults+Extensions.swift in Sources */,
				DE4C2CD52771F859006EB993 /* SceneDelegate.swift in Sources */,
			);
			runOnlyForDeploymentPostprocessing = 0;
		};
/* End PBXSourcesBuildPhase section */

/* Begin PBXVariantGroup section */
		DE4C2CDD2771F85C006EB993 /* LaunchScreen.storyboard */ = {
			isa = PBXVariantGroup;
			children = (
				DE4C2CDE2771F85C006EB993 /* Base */,
			);
			name = LaunchScreen.storyboard;
			sourceTree = "<group>";
		};
/* End PBXVariantGroup section */

/* Begin XCBuildConfiguration section */
		DE4C2CE12771F85C006EB993 /* Debug */ = {
			isa = XCBuildConfiguration;
			buildSettings = {
				ALWAYS_SEARCH_USER_PATHS = NO;
				CLANG_ANALYZER_NONNULL = YES;
				CLANG_ANALYZER_NUMBER_OBJECT_CONVERSION = YES_AGGRESSIVE;
				CLANG_CXX_LANGUAGE_STANDARD = "gnu++17";
				CLANG_CXX_LIBRARY = "libc++";
				CLANG_ENABLE_MODULES = YES;
				CLANG_ENABLE_OBJC_ARC = YES;
				CLANG_ENABLE_OBJC_WEAK = YES;
				CLANG_WARN_BLOCK_CAPTURE_AUTORELEASING = YES;
				CLANG_WARN_BOOL_CONVERSION = YES;
				CLANG_WARN_COMMA = YES;
				CLANG_WARN_CONSTANT_CONVERSION = YES;
				CLANG_WARN_DEPRECATED_OBJC_IMPLEMENTATIONS = YES;
				CLANG_WARN_DIRECT_OBJC_ISA_USAGE = YES_ERROR;
				CLANG_WARN_DOCUMENTATION_COMMENTS = YES;
				CLANG_WARN_EMPTY_BODY = YES;
				CLANG_WARN_ENUM_CONVERSION = YES;
				CLANG_WARN_INFINITE_RECURSION = YES;
				CLANG_WARN_INT_CONVERSION = YES;
				CLANG_WARN_NON_LITERAL_NULL_CONVERSION = YES;
				CLANG_WARN_OBJC_IMPLICIT_RETAIN_SELF = YES;
				CLANG_WARN_OBJC_LITERAL_CONVERSION = YES;
				CLANG_WARN_OBJC_ROOT_CLASS = YES_ERROR;
				CLANG_WARN_QUOTED_INCLUDE_IN_FRAMEWORK_HEADER = YES;
				CLANG_WARN_RANGE_LOOP_ANALYSIS = YES;
				CLANG_WARN_STRICT_PROTOTYPES = YES;
				CLANG_WARN_SUSPICIOUS_MOVE = YES;
				CLANG_WARN_UNGUARDED_AVAILABILITY = YES_AGGRESSIVE;
				CLANG_WARN_UNREACHABLE_CODE = YES;
				CLANG_WARN__DUPLICATE_METHOD_MATCH = YES;
				COPY_PHASE_STRIP = NO;
				DEBUG_INFORMATION_FORMAT = dwarf;
				ENABLE_STRICT_OBJC_MSGSEND = YES;
				ENABLE_TESTABILITY = YES;
				GCC_C_LANGUAGE_STANDARD = gnu11;
				GCC_DYNAMIC_NO_PIC = NO;
				GCC_NO_COMMON_BLOCKS = YES;
				GCC_OPTIMIZATION_LEVEL = 0;
				GCC_PREPROCESSOR_DEFINITIONS = (
					"DEBUG=1",
					"$(inherited)",
				);
				GCC_WARN_64_TO_32_BIT_CONVERSION = YES;
				GCC_WARN_ABOUT_RETURN_TYPE = YES_ERROR;
				GCC_WARN_UNDECLARED_SELECTOR = YES;
				GCC_WARN_UNINITIALIZED_AUTOS = YES_AGGRESSIVE;
				GCC_WARN_UNUSED_FUNCTION = YES;
				GCC_WARN_UNUSED_VARIABLE = YES;
				IPHONEOS_DEPLOYMENT_TARGET = 15.0;
				MTL_ENABLE_DEBUG_INFO = INCLUDE_SOURCE;
				MTL_FAST_MATH = YES;
				ONLY_ACTIVE_ARCH = YES;
				SDKROOT = iphoneos;
				SWIFT_ACTIVE_COMPILATION_CONDITIONS = DEBUG;
				SWIFT_OPTIMIZATION_LEVEL = "-Onone";
			};
			name = Debug;
		};
		DE4C2CE22771F85C006EB993 /* Release */ = {
			isa = XCBuildConfiguration;
			buildSettings = {
				ALWAYS_SEARCH_USER_PATHS = NO;
				CLANG_ANALYZER_NONNULL = YES;
				CLANG_ANALYZER_NUMBER_OBJECT_CONVERSION = YES_AGGRESSIVE;
				CLANG_CXX_LANGUAGE_STANDARD = "gnu++17";
				CLANG_CXX_LIBRARY = "libc++";
				CLANG_ENABLE_MODULES = YES;
				CLANG_ENABLE_OBJC_ARC = YES;
				CLANG_ENABLE_OBJC_WEAK = YES;
				CLANG_WARN_BLOCK_CAPTURE_AUTORELEASING = YES;
				CLANG_WARN_BOOL_CONVERSION = YES;
				CLANG_WARN_COMMA = YES;
				CLANG_WARN_CONSTANT_CONVERSION = YES;
				CLANG_WARN_DEPRECATED_OBJC_IMPLEMENTATIONS = YES;
				CLANG_WARN_DIRECT_OBJC_ISA_USAGE = YES_ERROR;
				CLANG_WARN_DOCUMENTATION_COMMENTS = YES;
				CLANG_WARN_EMPTY_BODY = YES;
				CLANG_WARN_ENUM_CONVERSION = YES;
				CLANG_WARN_INFINITE_RECURSION = YES;
				CLANG_WARN_INT_CONVERSION = YES;
				CLANG_WARN_NON_LITERAL_NULL_CONVERSION = YES;
				CLANG_WARN_OBJC_IMPLICIT_RETAIN_SELF = YES;
				CLANG_WARN_OBJC_LITERAL_CONVERSION = YES;
				CLANG_WARN_OBJC_ROOT_CLASS = YES_ERROR;
				CLANG_WARN_QUOTED_INCLUDE_IN_FRAMEWORK_HEADER = YES;
				CLANG_WARN_RANGE_LOOP_ANALYSIS = YES;
				CLANG_WARN_STRICT_PROTOTYPES = YES;
				CLANG_WARN_SUSPICIOUS_MOVE = YES;
				CLANG_WARN_UNGUARDED_AVAILABILITY = YES_AGGRESSIVE;
				CLANG_WARN_UNREACHABLE_CODE = YES;
				CLANG_WARN__DUPLICATE_METHOD_MATCH = YES;
				COPY_PHASE_STRIP = NO;
				DEBUG_INFORMATION_FORMAT = "dwarf-with-dsym";
				ENABLE_NS_ASSERTIONS = NO;
				ENABLE_STRICT_OBJC_MSGSEND = YES;
				GCC_C_LANGUAGE_STANDARD = gnu11;
				GCC_NO_COMMON_BLOCKS = YES;
				GCC_WARN_64_TO_32_BIT_CONVERSION = YES;
				GCC_WARN_ABOUT_RETURN_TYPE = YES_ERROR;
				GCC_WARN_UNDECLARED_SELECTOR = YES;
				GCC_WARN_UNINITIALIZED_AUTOS = YES_AGGRESSIVE;
				GCC_WARN_UNUSED_FUNCTION = YES;
				GCC_WARN_UNUSED_VARIABLE = YES;
				IPHONEOS_DEPLOYMENT_TARGET = 15.0;
				MTL_ENABLE_DEBUG_INFO = NO;
				MTL_FAST_MATH = YES;
				SDKROOT = iphoneos;
				SWIFT_COMPILATION_MODE = wholemodule;
				SWIFT_OPTIMIZATION_LEVEL = "-O";
				VALIDATE_PRODUCT = YES;
			};
			name = Release;
		};
		DE4C2CE42771F85C006EB993 /* Debug */ = {
			isa = XCBuildConfiguration;
			buildSettings = {
				ASSETCATALOG_COMPILER_APPICON_NAME = AppIcon;
				ASSETCATALOG_COMPILER_GLOBAL_ACCENT_COLOR_NAME = AccentColor;
				CODE_SIGN_STYLE = Automatic;
				CURRENT_PROJECT_VERSION = 1;
				DEVELOPMENT_TEAM = DJ2495B2GH;
				GENERATE_INFOPLIST_FILE = YES;
				INFOPLIST_FILE = MessageSender/Info.plist;
				INFOPLIST_KEY_UIApplicationSupportsIndirectInputEvents = YES;
				INFOPLIST_KEY_UILaunchStoryboardName = LaunchScreen;
				INFOPLIST_KEY_UISupportedInterfaceOrientations_iPad = "UIInterfaceOrientationPortrait UIInterfaceOrientationPortraitUpsideDown UIInterfaceOrientationLandscapeLeft UIInterfaceOrientationLandscapeRight";
				INFOPLIST_KEY_UISupportedInterfaceOrientations_iPhone = "UIInterfaceOrientationPortrait UIInterfaceOrientationLandscapeLeft UIInterfaceOrientationLandscapeRight";
				LD_RUNPATH_SEARCH_PATHS = (
					"$(inherited)",
					"@executable_path/Frameworks",
				);
				MARKETING_VERSION = 1.0;
				PRODUCT_BUNDLE_IDENTIFIER = com.codewithsjoonb.MessageSender;
				PRODUCT_NAME = "$(TARGET_NAME)";
				SWIFT_EMIT_LOC_STRINGS = YES;
				SWIFT_VERSION = 5.0;
				TARGETED_DEVICE_FAMILY = "1,2";
			};
			name = Debug;
		};
		DE4C2CE52771F85C006EB993 /* Release */ = {
			isa = XCBuildConfiguration;
			buildSettings = {
				ASSETCATALOG_COMPILER_APPICON_NAME = AppIcon;
				ASSETCATALOG_COMPILER_GLOBAL_ACCENT_COLOR_NAME = AccentColor;
				CODE_SIGN_STYLE = Automatic;
				CURRENT_PROJECT_VERSION = 1;
				DEVELOPMENT_TEAM = DJ2495B2GH;
				GENERATE_INFOPLIST_FILE = YES;
				INFOPLIST_FILE = MessageSender/Info.plist;
				INFOPLIST_KEY_UIApplicationSupportsIndirectInputEvents = YES;
				INFOPLIST_KEY_UILaunchStoryboardName = LaunchScreen;
				INFOPLIST_KEY_UISupportedInterfaceOrientations_iPad = "UIInterfaceOrientationPortrait UIInterfaceOrientationPortraitUpsideDown UIInterfaceOrientationLandscapeLeft UIInterfaceOrientationLandscapeRight";
				INFOPLIST_KEY_UISupportedInterfaceOrientations_iPhone = "UIInterfaceOrientationPortrait UIInterfaceOrientationLandscapeLeft UIInterfaceOrientationLandscapeRight";
				LD_RUNPATH_SEARCH_PATHS = (
					"$(inherited)",
					"@executable_path/Frameworks",
				);
				MARKETING_VERSION = 1.0;
				PRODUCT_BUNDLE_IDENTIFIER = com.codewithsjoonb.MessageSender;
				PRODUCT_NAME = "$(TARGET_NAME)";
				SWIFT_EMIT_LOC_STRINGS = YES;
				SWIFT_VERSION = 5.0;
				TARGETED_DEVICE_FAMILY = "1,2";
			};
			name = Release;
		};
/* End XCBuildConfiguration section */

/* Begin XCConfigurationList section */
		DE4C2CCA2771F859006EB993 /* Build configuration list for PBXProject "MessageSender" */ = {
			isa = XCConfigurationList;
			buildConfigurations = (
				DE4C2CE12771F85C006EB993 /* Debug */,
				DE4C2CE22771F85C006EB993 /* Release */,
			);
			defaultConfigurationIsVisible = 0;
			defaultConfigurationName = Release;
		};
		DE4C2CE32771F85C006EB993 /* Build configuration list for PBXNativeTarget "MessageSender" */ = {
			isa = XCConfigurationList;
			buildConfigurations = (
				DE4C2CE42771F85C006EB993 /* Debug */,
				DE4C2CE52771F85C006EB993 /* Release */,
			);
			defaultConfigurationIsVisible = 0;
			defaultConfigurationName = Release;
		};
/* End XCConfigurationList section */

/* Begin XCRemoteSwiftPackageReference section */
		DE4C2D1127725A18006EB993 /* XCRemoteSwiftPackageReference "MessageKit" */ = {
			isa = XCRemoteSwiftPackageReference;
			repositoryURL = "https://github.com/MessageKit/MessageKit.git";
			requirement = {
				branch = master;
				kind = branch;
			};
		};
/* End XCRemoteSwiftPackageReference section */

/* Begin XCSwiftPackageProductDependency section */
		DE4C2D1227725A18006EB993 /* MessageKit */ = {
			isa = XCSwiftPackageProductDependency;
			package = DE4C2D1127725A18006EB993 /* XCRemoteSwiftPackageReference "MessageKit" */;
			productName = MessageKit;
		};
/* End XCSwiftPackageProductDependency section */
	};
	rootObject = DE4C2CC72771F859006EB993 /* Project object */;
}
